
Microsoft Visual Studio Solution File, Format Version 12.00
# Visual Studio 15
VisualStudioVersion = 15.0.28307.168
MinimumVisualStudioVersion = 10.0.40219.1
Project("{FAE04EC0-301F-11D3-BF4B-00C04F79EFBC}") = "MarsRover", "MarsRover\MarsRover.csproj", "{9F62F4C2-CEF5-48E9-9002-CD23DA9C37CD}"
EndProject
Project("{FAE04EC0-301F-11D3-BF4B-00C04F79EFBC}") = "MarsRoverTest", "MarsRoverTest\MarsRoverTest.csproj", "{34BB39FA-371F-46AB-A952-24E4D07814AB}"
EndProject
Global
	GlobalSection(SolutionConfigurationPlatforms) = preSolution
		Debug|Any CPU = Debug|Any CPU
		Release|Any CPU = Release|Any CPU
	EndGlobalSection
	GlobalSection(ProjectConfigurationPlatforms) = postSolution
		{9F62F4C2-CEF5-48E9-9002-CD23DA9C37CD}.Debug|Any CPU.ActiveCfg = Debug|Any CPU
		{9F62F4C2-CEF5-48E9-9002-CD23DA9C37CD}.Debug|Any CPU.Build.0 = Debug|Any CPU
		{9F62F4C2-CEF5-48E9-9002-CD23DA9C37CD}.Release|Any CPU.ActiveCfg = Release|Any CPU
		{9F62F4C2-CEF5-48E9-9002-CD23DA9C37CD}.Release|Any CPU.Build.0 = Release|Any CPU
		{34BB39FA-371F-46AB-A952-24E4D07814AB}.Debug|Any CPU.ActiveCfg = Debug|Any CPU
		{34BB39FA-371F-46AB-A952-24E4D07814AB}.Debug|Any CPU.Build.0 = Debug|Any CPU
		{34BB39FA-371F-46AB-A952-24E4D07814AB}.Release|Any CPU.ActiveCfg = Release|Any CPU
		{34BB39FA-371F-46AB-A952-24E4D07814AB}.Release|Any CPU.Build.0 = Release|Any CPU
	EndGlobalSection
	GlobalSection(SolutionProperties) = preSolution
		HideSolutionNode = FALSE
	EndGlobalSection
	GlobalSection(ExtensibilityGlobals) = postSolution
		SolutionGuid = {407F9301-30FA-4FCE-9FDC-0A61D96103F2}
	EndGlobalSection
EndGlobal
